// !$*UTF8*$!
{
	archiveVersion = 1;
	classes = {
	};
	objectVersion = 51;
	objects = {

/* Begin PBXBuildFile section */
		2DF755C619E614DBE8B1950D /* Pods_RealmApp.framework in Frameworks */ = {isa = PBXBuildFile; fileRef = F53E0B1A7FE93E470829B1D1 /* Pods_RealmApp.framework */; };
		561D945724B2EE8A00076B50 /* Task.swift in Sources */ = {isa = PBXBuildFile; fileRef = 561D945624B2EE8A00076B50 /* Task.swift */; };
		561D945A24B3277100076B50 /* StorageManager.swift in Sources */ = {isa = PBXBuildFile; fileRef = 561D945924B3277100076B50 /* StorageManager.swift */; };
		563F2AEA24B0C6A40063A739 /* AppDelegate.swift in Sources */ = {isa = PBXBuildFile; fileRef = 563F2AE924B0C6A40063A739 /* AppDelegate.swift */; };
		563F2AEC24B0C6A40063A739 /* SceneDelegate.swift in Sources */ = {isa = PBXBuildFile; fileRef = 563F2AEB24B0C6A40063A739 /* SceneDelegate.swift */; };
		563F2AF124B0C6A40063A739 /* Main.storyboard in Resources */ = {isa = PBXBuildFile; fileRef = 563F2AEF24B0C6A40063A739 /* Main.storyboard */; };
		563F2AF324B0C6A50063A739 /* Assets.xcassets in Resources */ = {isa = PBXBuildFile; fileRef = 563F2AF224B0C6A50063A739 /* Assets.xcassets */; };
		563F2AF624B0C6A50063A739 /* LaunchScreen.storyboard in Resources */ = {isa = PBXBuildFile; fileRef = 563F2AF424B0C6A50063A739 /* LaunchScreen.storyboard */; };
		563F2AFE24B0D0ED0063A739 /* TaskListViewController.swift in Sources */ = {isa = PBXBuildFile; fileRef = 563F2AFD24B0D0ED0063A739 /* TaskListViewController.swift */; };
		563F2B0024B0D13A0063A739 /* TasksViewController.swift in Sources */ = {isa = PBXBuildFile; fileRef = 563F2AFF24B0D13A0063A739 /* TasksViewController.swift */; };
		567DBFFC24B190E900C58DAB /* AlertController.swift in Sources */ = {isa = PBXBuildFile; fileRef = 567DBFFB24B190E900C58DAB /* AlertController.swift */; };
/* End PBXBuildFile section */

/* Begin PBXFileReference section */
		561D945624B2EE8A00076B50 /* Task.swift */ = {isa = PBXFileReference; lastKnownFileType = sourcecode.swift; path = Task.swift; sourceTree = "<group>"; };
		561D945924B3277100076B50 /* StorageManager.swift */ = {isa = PBXFileReference; lastKnownFileType = sourcecode.swift; path = StorageManager.swift; sourceTree = "<group>"; };
		563F2AE624B0C6A40063A739 /* RealmApp.app */ = {isa = PBXFileReference; explicitFileType = wrapper.application; includeInIndex = 0; path = RealmApp.app; sourceTree = BUILT_PRODUCTS_DIR; };
		563F2AE924B0C6A40063A739 /* AppDelegate.swift */ = {isa = PBXFileReference; lastKnownFileType = sourcecode.swift; path = AppDelegate.swift; sourceTree = "<group>"; };
		563F2AEB24B0C6A40063A739 /* SceneDelegate.swift */ = {isa = PBXFileReference; lastKnownFileType = sourcecode.swift; path = SceneDelegate.swift; sourceTree = "<group>"; };
		563F2AF024B0C6A40063A739 /* Base */ = {isa = PBXFileReference; lastKnownFileType = file.storyboard; name = Base; path = Base.lproj/Main.storyboard; sourceTree = "<group>"; };
		563F2AF224B0C6A50063A739 /* Assets.xcassets */ = {isa = PBXFileReference; lastKnownFileType = folder.assetcatalog; path = Assets.xcassets; sourceTree = "<group>"; };
		563F2AF524B0C6A50063A739 /* Base */ = {isa = PBXFileReference; lastKnownFileType = file.storyboard; name = Base; path = Base.lproj/LaunchScreen.storyboard; sourceTree = "<group>"; };
		563F2AF724B0C6A50063A739 /* Info.plist */ = {isa = PBXFileReference; lastKnownFileType = text.plist.xml; path = Info.plist; sourceTree = "<group>"; };
		563F2AFD24B0D0ED0063A739 /* TaskListViewController.swift */ = {isa = PBXFileReference; lastKnownFileType = sourcecode.swift; path = TaskListViewController.swift; sourceTree = "<group>"; };
		563F2AFF24B0D13A0063A739 /* TasksViewController.swift */ = {isa = PBXFileReference; lastKnownFileType = sourcecode.swift; path = TasksViewController.swift; sourceTree = "<group>"; };
		567DBFFB24B190E900C58DAB /* AlertController.swift */ = {isa = PBXFileReference; lastKnownFileType = sourcecode.swift; path = AlertController.swift; sourceTree = "<group>"; };
		866F6E036EEE081C2FB02F1A /* Pods-RealmApp.debug.xcconfig */ = {isa = PBXFileReference; includeInIndex = 1; lastKnownFileType = text.xcconfig; name = "Pods-RealmApp.debug.xcconfig"; path = "Target Support Files/Pods-RealmApp/Pods-RealmApp.debug.xcconfig"; sourceTree = "<group>"; };
		D1CBE098C413655B99D2A40C /* Pods-RealmApp.release.xcconfig */ = {isa = PBXFileReference; includeInIndex = 1; lastKnownFileType = text.xcconfig; name = "Pods-RealmApp.release.xcconfig"; path = "Target Support Files/Pods-RealmApp/Pods-RealmApp.release.xcconfig"; sourceTree = "<group>"; };
		F53E0B1A7FE93E470829B1D1 /* Pods_RealmApp.framework */ = {isa = PBXFileReference; explicitFileType = wrapper.framework; includeInIndex = 0; path = Pods_RealmApp.framework; sourceTree = BUILT_PRODUCTS_DIR; };
/* End PBXFileReference section */

/* Begin PBXFrameworksBuildPhase section */
		563F2AE324B0C6A40063A739 /* Frameworks */ = {
			isa = PBXFrameworksBuildPhase;
			buildActionMask = 2147483647;
			files = (
				2DF755C619E614DBE8B1950D /* Pods_RealmApp.framework in Frameworks */,
			);
			runOnlyForDeploymentPostprocessing = 0;
		};
/* End PBXFrameworksBuildPhase section */

/* Begin PBXGroup section */
		1B379B2EE16D563E4031120F /* Frameworks */ = {
			isa = PBXGroup;
			children = (
				F53E0B1A7FE93E470829B1D1 /* Pods_RealmApp.framework */,
			);
			name = Frameworks;
			sourceTree = "<group>";
		};
		561D945524B2EE6D00076B50 /* Models */ = {
			isa = PBXGroup;
			children = (
				561D945624B2EE8A00076B50 /* Task.swift */,
			);
			path = Models;
			sourceTree = "<group>";
		};
		561D945824B3274600076B50 /* Managers */ = {
			isa = PBXGroup;
			children = (
				561D945924B3277100076B50 /* StorageManager.swift */,
			);
			path = Managers;
			sourceTree = "<group>";
		};
		563F2ADD24B0C6A40063A739 = {
			isa = PBXGroup;
			children = (
				563F2AE824B0C6A40063A739 /* RealmApp */,
				563F2AE724B0C6A40063A739 /* Products */,
				BB9214D55192BDFE86658D50 /* Pods */,
				1B379B2EE16D563E4031120F /* Frameworks */,
			);
			sourceTree = "<group>";
		};
		563F2AE724B0C6A40063A739 /* Products */ = {
			isa = PBXGroup;
			children = (
				563F2AE624B0C6A40063A739 /* RealmApp.app */,
			);
			name = Products;
			sourceTree = "<group>";
		};
		563F2AE824B0C6A40063A739 /* RealmApp */ = {
			isa = PBXGroup;
			children = (
				563F2B0224B0D4CD0063A739 /* Controllers */,
				561D945824B3274600076B50 /* Managers */,
				561D945524B2EE6D00076B50 /* Models */,
				563F2B0124B0D4BA0063A739 /* Storyboards */,
				563F2B0324B0D4F10063A739 /* Supporting Files */,
				563F2B0424B0D5370063A739 /* Sources */,
			);
			path = RealmApp;
			sourceTree = "<group>";
		};
		563F2B0124B0D4BA0063A739 /* Storyboards */ = {
			isa = PBXGroup;
			children = (
				563F2AEF24B0C6A40063A739 /* Main.storyboard */,
				563F2AF424B0C6A50063A739 /* LaunchScreen.storyboard */,
			);
			path = Storyboards;
			sourceTree = "<group>";
		};
		563F2B0224B0D4CD0063A739 /* Controllers */ = {
			isa = PBXGroup;
			children = (
				563F2AFF24B0D13A0063A739 /* TasksViewController.swift */,
				563F2AFD24B0D0ED0063A739 /* TaskListViewController.swift */,
				567DBFFB24B190E900C58DAB /* AlertController.swift */,
			);
			path = Controllers;
			sourceTree = "<group>";
		};
		563F2B0324B0D4F10063A739 /* Supporting Files */ = {
			isa = PBXGroup;
			children = (
				563F2AE924B0C6A40063A739 /* AppDelegate.swift */,
				563F2AEB24B0C6A40063A739 /* SceneDelegate.swift */,
				563F2AF724B0C6A50063A739 /* Info.plist */,
			);
			path = "Supporting Files";
			sourceTree = "<group>";
		};
		563F2B0424B0D5370063A739 /* Sources */ = {
			isa = PBXGroup;
			children = (
				563F2AF224B0C6A50063A739 /* Assets.xcassets */,
			);
			path = Sources;
			sourceTree = "<group>";
		};
		BB9214D55192BDFE86658D50 /* Pods */ = {
			isa = PBXGroup;
			children = (
				866F6E036EEE081C2FB02F1A /* Pods-RealmApp.debug.xcconfig */,
				D1CBE098C413655B99D2A40C /* Pods-RealmApp.release.xcconfig */,
			);
			path = Pods;
			sourceTree = "<group>";
		};
/* End PBXGroup section */

/* Begin PBXNativeTarget section */
		563F2AE524B0C6A40063A739 /* RealmApp */ = {
			isa = PBXNativeTarget;
			buildConfigurationList = 563F2AFA24B0C6A50063A739 /* Build configuration list for PBXNativeTarget "RealmApp" */;
			buildPhases = (
				04AFF5F585316216505D559E /* [CP] Check Pods Manifest.lock */,
				563F2AE224B0C6A40063A739 /* Sources */,
				563F2AE324B0C6A40063A739 /* Frameworks */,
				563F2AE424B0C6A40063A739 /* Resources */,
				C9F8D80EEB2E78B5B9BAF842 /* [CP] Embed Pods Frameworks */,
			);
			buildRules = (
			);
			dependencies = (
			);
			name = RealmApp;
			productName = RealmApp;
			productReference = 563F2AE624B0C6A40063A739 /* RealmApp.app */;
			productType = "com.apple.product-type.application";
		};
/* End PBXNativeTarget section */

/* Begin PBXProject section */
		563F2ADE24B0C6A40063A739 /* Project object */ = {
			isa = PBXProject;
			attributes = {
				LastSwiftUpdateCheck = 1140;
				LastUpgradeCheck = 1140;
				ORGANIZATIONNAME = "Egor Ukolov";
				TargetAttributes = {
					563F2AE524B0C6A40063A739 = {
						CreatedOnToolsVersion = 11.4;
					};
				};
			};
			buildConfigurationList = 563F2AE124B0C6A40063A739 /* Build configuration list for PBXProject "RealmApp" */;
			compatibilityVersion = "Xcode 9.3";
			developmentRegion = en;
			hasScannedForEncodings = 0;
			knownRegions = (
				en,
				Base,
			);
			mainGroup = 563F2ADD24B0C6A40063A739;
			productRefGroup = 563F2AE724B0C6A40063A739 /* Products */;
			projectDirPath = "";
			projectRoot = "";
			targets = (
				563F2AE524B0C6A40063A739 /* RealmApp */,
			);
		};
/* End PBXProject section */

/* Begin PBXResourcesBuildPhase section */
		563F2AE424B0C6A40063A739 /* Resources */ = {
			isa = PBXResourcesBuildPhase;
			buildActionMask = 2147483647;
			files = (
				563F2AF624B0C6A50063A739 /* LaunchScreen.storyboard in Resources */,
				563F2AF324B0C6A50063A739 /* Assets.xcassets in Resources */,
				563F2AF124B0C6A40063A739 /* Main.storyboard in Resources */,
			);
			runOnlyForDeploymentPostprocessing = 0;
		};
/* End PBXResourcesBuildPhase section */

/* Begin PBXShellScriptBuildPhase section */
		04AFF5F585316216505D559E /* [CP] Check Pods Manifest.lock */ = {
			isa = PBXShellScriptBuildPhase;
			buildActionMask = 2147483647;
			files = (
			);
			inputFileListPaths = (
			);
			inputPaths = (
				"${PODS_PODFILE_DIR_PATH}/Podfile.lock",
				"${PODS_ROOT}/Manifest.lock",
			);
			name = "[CP] Check Pods Manifest.lock";
			outputFileListPaths = (
			);
			outputPaths = (
				"$(DERIVED_FILE_DIR)/Pods-RealmApp-checkManifestLockResult.txt",
			);
			runOnlyForDeploymentPostprocessing = 0;
			shellPath = /bin/sh;
			shellScript = "diff \"${PODS_PODFILE_DIR_PATH}/Podfile.lock\" \"${PODS_ROOT}/Manifest.lock\" > /dev/null\nif [ $? != 0 ] ; then\n    # print error to STDERR\n    echo \"error: The sandbox is not in sync with the Podfile.lock. Run 'pod install' or update your CocoaPods installation.\" >&2\n    exit 1\nfi\n# This output is used by Xcode 'outputs' to avoid re-running this script phase.\necho \"SUCCESS\" > \"${SCRIPT_OUTPUT_FILE_0}\"\n";
			showEnvVarsInLog = 0;
		};
		C9F8D80EEB2E78B5B9BAF842 /* [CP] Embed Pods Frameworks */ = {
			isa = PBXShellScriptBuildPhase;
			buildActionMask = 2147483647;
			files = (
			);
			inputFileListPaths = (
				"${PODS_ROOT}/Target Support Files/Pods-RealmApp/Pods-RealmApp-frameworks-${CONFIGURATION}-input-files.xcfilelist",
			);
			name = "[CP] Embed Pods Frameworks";
			outputFileListPaths = (
				"${PODS_ROOT}/Target Support Files/Pods-RealmApp/Pods-RealmApp-frameworks-${CONFIGURATION}-output-files.xcfilelist",
			);
			runOnlyForDeploymentPostprocessing = 0;
			shellPath = /bin/sh;
			shellScript = "\"${PODS_ROOT}/Target Support Files/Pods-RealmApp/Pods-RealmApp-frameworks.sh\"\n";
			showEnvVarsInLog = 0;
		};
/* End PBXShellScriptBuildPhase section */

/* Begin PBXSourcesBuildPhase section */
		563F2AE224B0C6A40063A739 /* Sources */ = {
			isa = PBXSourcesBuildPhase;
			buildActionMask = 2147483647;
			files = (
				563F2AFE24B0D0ED0063A739 /* TaskListViewController.swift in Sources */,
				567DBFFC24B190E900C58DAB /* AlertController.swift in Sources */,
				563F2B0024B0D13A0063A739 /* TasksViewController.swift in Sources */,
				561D945A24B3277100076B50 /* StorageManager.swift in Sources */,
				563F2AEA24B0C6A40063A739 /* AppDelegate.swift in Sources */,
				561D945724B2EE8A00076B50 /* Task.swift in Sources */,
				563F2AEC24B0C6A40063A739 /* SceneDelegate.swift in Sources */,
			);
			runOnlyForDeploymentPostprocessing = 0;
		};
/* End PBXSourcesBuildPhase section */

/* Begin PBXVariantGroup section */
		563F2AEF24B0C6A40063A739 /* Main.storyboard */ = {
			isa = PBXVariantGroup;
			children = (
				563F2AF024B0C6A40063A739 /* Base */,
			);
			name = Main.storyboard;
			sourceTree = "<group>";
		};
		563F2AF424B0C6A50063A739 /* LaunchScreen.storyboard */ = {
			isa = PBXVariantGroup;
			children = (
				563F2AF524B0C6A50063A739 /* Base */,
			);
			name = LaunchScreen.storyboard;
			sourceTree = "<group>";
		};
/* End PBXVariantGroup section */

/* Begin XCBuildConfiguration section */
		563F2AF824B0C6A50063A739 /* Debug */ = {
			isa = XCBuildConfiguration;
			buildSettings = {
				ALWAYS_SEARCH_USER_PATHS = NO;
				CLANG_ANALYZER_NONNULL = YES;
				CLANG_ANALYZER_NUMBER_OBJECT_CONVERSION = YES_AGGRESSIVE;
				CLANG_CXX_LANGUAGE_STANDARD = "gnu++14";
				CLANG_CXX_LIBRARY = "libc++";
				CLANG_ENABLE_MODULES = YES;
				CLANG_ENABLE_OBJC_ARC = YES;
				CLANG_ENABLE_OBJC_WEAK = YES;
				CLANG_WARN_BLOCK_CAPTURE_AUTORELEASING = YES;
				CLANG_WARN_BOOL_CONVERSION = YES;
				CLANG_WARN_COMMA = YES;
				CLANG_WARN_CONSTANT_CONVERSION = YES;
				CLANG_WARN_DEPRECATED_OBJC_IMPLEMENTATIONS = YES;
				CLANG_WARN_DIRECT_OBJC_ISA_USAGE = YES_ERROR;
				CLANG_WARN_DOCUMENTATION_COMMENTS = YES;
				CLANG_WARN_EMPTY_BODY = YES;
				CLANG_WARN_ENUM_CONVERSION = YES;
				CLANG_WARN_INFINITE_RECURSION = YES;
				CLANG_WARN_INT_CONVERSION = YES;
				CLANG_WARN_NON_LITERAL_NULL_CONVERSION = YES;
				CLANG_WARN_OBJC_IMPLICIT_RETAIN_SELF = YES;
				CLANG_WARN_OBJC_LITERAL_CONVERSION = YES;
				CLANG_WARN_OBJC_ROOT_CLASS = YES_ERROR;
				CLANG_WARN_RANGE_LOOP_ANALYSIS = YES;
				CLANG_WARN_STRICT_PROTOTYPES = YES;
				CLANG_WARN_SUSPICIOUS_MOVE = YES;
				CLANG_WARN_UNGUARDED_AVAILABILITY = YES_AGGRESSIVE;
				CLANG_WARN_UNREACHABLE_CODE = YES;
				CLANG_WARN__DUPLICATE_METHOD_MATCH = YES;
				COPY_PHASE_STRIP = NO;
				DEBUG_INFORMATION_FORMAT = dwarf;
				ENABLE_STRICT_OBJC_MSGSEND = YES;
				ENABLE_TESTABILITY = YES;
				GCC_C_LANGUAGE_STANDARD = gnu11;
				GCC_DYNAMIC_NO_PIC = NO;
				GCC_NO_COMMON_BLOCKS = YES;
				GCC_OPTIMIZATION_LEVEL = 0;
				GCC_PREPROCESSOR_DEFINITIONS = (
					"DEBUG=1",
					"$(inherited)",
				);
				GCC_WARN_64_TO_32_BIT_CONVERSION = YES;
				GCC_WARN_ABOUT_RETURN_TYPE = YES_ERROR;
				GCC_WARN_UNDECLARED_SELECTOR = YES;
				GCC_WARN_UNINITIALIZED_AUTOS = YES_AGGRESSIVE;
				GCC_WARN_UNUSED_FUNCTION = YES;
				GCC_WARN_UNUSED_VARIABLE = YES;
				IPHONEOS_DEPLOYMENT_TARGET = 13.4;
				MTL_ENABLE_DEBUG_INFO = INCLUDE_SOURCE;
				MTL_FAST_MATH = YES;
				ONLY_ACTIVE_ARCH = YES;
				SDKROOT = iphoneos;
				SWIFT_ACTIVE_COMPILATION_CONDITIONS = DEBUG;
				SWIFT_OPTIMIZATION_LEVEL = "-Onone";
			};
			name = Debug;
		};
		563F2AF924B0C6A50063A739 /* Release */ = {
			isa = XCBuildConfiguration;
			buildSettings = {
				ALWAYS_SEARCH_USER_PATHS = NO;
				CLANG_ANALYZER_NONNULL = YES;
				CLANG_ANALYZER_NUMBER_OBJECT_CONVERSION = YES_AGGRESSIVE;
				CLANG_CXX_LANGUAGE_STANDARD = "gnu++14";
				CLANG_CXX_LIBRARY = "libc++";
				CLANG_ENABLE_MODULES = YES;
				CLANG_ENABLE_OBJC_ARC = YES;
				CLANG_ENABLE_OBJC_WEAK = YES;
				CLANG_WARN_BLOCK_CAPTURE_AUTORELEASING = YES;
				CLANG_WARN_BOOL_CONVERSION = YES;
				CLANG_WARN_COMMA = YES;
				CLANG_WARN_CONSTANT_CONVERSION = YES;
				CLANG_WARN_DEPRECATED_OBJC_IMPLEMENTATIONS = YES;
				CLANG_WARN_DIRECT_OBJC_ISA_USAGE = YES_ERROR;
				CLANG_WARN_DOCUMENTATION_COMMENTS = YES;
				CLANG_WARN_EMPTY_BODY = YES;
				CLANG_WARN_ENUM_CONVERSION = YES;
				CLANG_WARN_INFINITE_RECURSION = YES;
				CLANG_WARN_INT_CONVERSION = YES;
				CLANG_WARN_NON_LITERAL_NULL_CONVERSION = YES;
				CLANG_WARN_OBJC_IMPLICIT_RETAIN_SELF = YES;
				CLANG_WARN_OBJC_LITERAL_CONVERSION = YES;
				CLANG_WARN_OBJC_ROOT_CLASS = YES_ERROR;
				CLANG_WARN_RANGE_LOOP_ANALYSIS = YES;
				CLANG_WARN_STRICT_PROTOTYPES = YES;
				CLANG_WARN_SUSPICIOUS_MOVE = YES;
				CLANG_WARN_UNGUARDED_AVAILABILITY = YES_AGGRESSIVE;
				CLANG_WARN_UNREACHABLE_CODE = YES;
				CLANG_WARN__DUPLICATE_METHOD_MATCH = YES;
				COPY_PHASE_STRIP = NO;
				DEBUG_INFORMATION_FORMAT = "dwarf-with-dsym";
				ENABLE_NS_ASSERTIONS = NO;
				ENABLE_STRICT_OBJC_MSGSEND = YES;
				GCC_C_LANGUAGE_STANDARD = gnu11;
				GCC_NO_COMMON_BLOCKS = YES;
				GCC_WARN_64_TO_32_BIT_CONVERSION = YES;
				GCC_WARN_ABOUT_RETURN_TYPE = YES_ERROR;
				GCC_WARN_UNDECLARED_SELECTOR = YES;
				GCC_WARN_UNINITIALIZED_AUTOS = YES_AGGRESSIVE;
				GCC_WARN_UNUSED_FUNCTION = YES;
				GCC_WARN_UNUSED_VARIABLE = YES;
				IPHONEOS_DEPLOYMENT_TARGET = 13.4;
				MTL_ENABLE_DEBUG_INFO = NO;
				MTL_FAST_MATH = YES;
				SDKROOT = iphoneos;
				SWIFT_COMPILATION_MODE = wholemodule;
				SWIFT_OPTIMIZATION_LEVEL = "-O";
				VALIDATE_PRODUCT = YES;
			};
			name = Release;
		};
		563F2AFB24B0C6A50063A739 /* Debug */ = {
			isa = XCBuildConfiguration;
			baseConfigurationReference = 866F6E036EEE081C2FB02F1A /* Pods-RealmApp.debug.xcconfig */;
			buildSettings = {
				ASSETCATALOG_COMPILER_APPICON_NAME = AppIcon;
				CODE_SIGN_STYLE = Automatic;
				DEVELOPMENT_TEAM = 48X7U22M49;
				INFOPLIST_FILE = "RealmApp/Supporting Files/Info.plist";
				LD_RUNPATH_SEARCH_PATHS = (
					"$(inherited)",
					"@executable_path/Frameworks",
				);
				PRODUCT_BUNDLE_IDENTIFIER = "ru.ukolovegor23-yandex.RealmApp";
				PRODUCT_NAME = "$(TARGET_NAME)";
				SWIFT_VERSION = 5.0;
				TARGETED_DEVICE_FAMILY = 1;
			};
			name = Debug;
		};
		563F2AFC24B0C6A50063A739 /* Release */ = {
			isa = XCBuildConfiguration;
			baseConfigurationReference = D1CBE098C413655B99D2A40C /* Pods-RealmApp.release.xcconfig */;
			buildSettings = {
				ASSETCATALOG_COMPILER_APPICON_NAME = AppIcon;
				CODE_SIGN_STYLE = Automatic;
				DEVELOPMENT_TEAM = 48X7U22M49;
				INFOPLIST_FILE = "RealmApp/Supporting Files/Info.plist";
				LD_RUNPATH_SEARCH_PATHS = (
					"$(inherited)",
					"@executable_path/Frameworks",
				);
				PRODUCT_BUNDLE_IDENTIFIER = "ru.ukolovegor23-yandex.RealmApp";
				PRODUCT_NAME = "$(TARGET_NAME)";
				SWIFT_VERSION = 5.0;
				TARGETED_DEVICE_FAMILY = 1;
			};
			name = Release;
		};
/* End XCBuildConfiguration section */

/* Begin XCConfigurationList section */
		563F2AE124B0C6A40063A739 /* Build configuration list for PBXProject "RealmApp" */ = {
			isa = XCConfigurationList;
			buildConfigurations = (
				563F2AF824B0C6A50063A739 /* Debug */,
				563F2AF924B0C6A50063A739 /* Release */,
			);
			defaultConfigurationIsVisible = 0;
			defaultConfigurationName = Release;
		};
		563F2AFA24B0C6A50063A739 /* Build configuration list for PBXNativeTarget "RealmApp" */ = {
			isa = XCConfigurationList;
			buildConfigurations = (
				563F2AFB24B0C6A50063A739 /* Debug */,
				563F2AFC24B0C6A50063A739 /* Release */,
			);
			defaultConfigurationIsVisible = 0;
			defaultConfigurationName = Release;
		};
/* End XCConfigurationList section */
	};
	rootObject = 563F2ADE24B0C6A40063A739 /* Project object */;
}
